
Microsoft Visual Studio Solution File, Format Version 12.00
# Visual Studio Version 17
VisualStudioVersion = 17.4.33213.308
MinimumVisualStudioVersion = 10.0.40219.1
Project("{9A19103F-16F7-4668-BE54-9A1E7A4F7556}") = "EventPublisherSubscriber", "StepanovExamPreparation\EventPublisherSubscriber.csproj", "{4C213BCE-FC75-418E-8D3C-7F09D6AC252B}"
EndProject
Project("{9A19103F-16F7-4668-BE54-9A1E7A4F7556}") = "Interfaces", "Interfaces\Interfaces.csproj", "{F03C44A4-1F6C-41C0-BDFE-21805728CB16}"
EndProject
Project("{9A19103F-16F7-4668-BE54-9A1E7A4F7556}") = "InterfacePublisherSubscriber", "InterfacePublisherSubscriber\InterfacePublisherSubscriber.csproj", "{236ED5FC-6632-43FF-8529-DFE19C630DC8}"
EndProject
Project("{9A19103F-16F7-4668-BE54-9A1E7A4F7556}") = "Generics", "Generics\Generics.csproj", "{C29BE425-8B34-4770-94E0-B0C6475F7685}"
EndProject
Project("{9A19103F-16F7-4668-BE54-9A1E7A4F7556}") = "Serialization", "Serialization\Serialization.csproj", "{744C5096-02EA-4FE2-A158-AADAA3930321}"
EndProject
Project("{9A19103F-16F7-4668-BE54-9A1E7A4F7556}") = "YieldOperator", "YieldOperator\YieldOperator.csproj", "{FF85A362-2A9B-4EB8-BF14-50DE7F085036}"
EndProject
Project("{9A19103F-16F7-4668-BE54-9A1E7A4F7556}") = "Ex1", "Ex1\Ex1.csproj", "{A7747CC7-428E-47FE-8FC7-9DCD0D00C7C4}"
EndProject
Project("{9A19103F-16F7-4668-BE54-9A1E7A4F7556}") = "Ex2And3", "Ex2\Ex2And3.csproj", "{13600988-043E-47D3-B1BE-B7BA0B97261E}"
EndProject
Project("{9A19103F-16F7-4668-BE54-9A1E7A4F7556}") = "Ex4", "Ex3\Ex4.csproj", "{80449FBF-4930-40D1-B0CC-F9AF7CF235FD}"
EndProject
Project("{9A19103F-16F7-4668-BE54-9A1E7A4F7556}") = "Ex5", "Ex5\Ex5.csproj", "{E30D45D5-ABA9-436B-8576-AC6960C94FD9}"
EndProject
Project("{9A19103F-16F7-4668-BE54-9A1E7A4F7556}") = "Ex6", "Ex6\Ex6.csproj", "{F2A14236-E6CF-4A30-BEA7-4497A3BA1D03}"
EndProject
Project("{FAE04EC0-301F-11D3-BF4B-00C04F79EFBC}") = "Ex7", "Ex7\Ex7.csproj", "{2AC3138D-DE32-430C-BDD2-A471E0C1E4F7}"
EndProject
Project("{9A19103F-16F7-4668-BE54-9A1E7A4F7556}") = "Ex13", "Ex13\Ex13.csproj", "{84BEBBA1-DF06-47DD-B76D-CCAA014C7F7D}"
EndProject
Project("{9A19103F-16F7-4668-BE54-9A1E7A4F7556}") = "Ex8", "Ex8\Ex8.csproj", "{5A3045B3-7856-4A20-8FC7-2E6848A2DCD9}"
EndProject
Project("{9A19103F-16F7-4668-BE54-9A1E7A4F7556}") = "Ex9", "Ex9\Ex9.csproj", "{0BC98441-C038-4730-85CC-A3DC31744C80}"
EndProject
Project("{9A19103F-16F7-4668-BE54-9A1E7A4F7556}") = "AspApi", "AspApi\AspApi.csproj", "{0C7BAF02-4567-4216-AF3B-F6FBFA979ED1}"
EndProject
Project("{9A19103F-16F7-4668-BE54-9A1E7A4F7556}") = "Ex14", "Ex14\Ex14.csproj", "{A28944B4-C159-4FEC-B254-635CAEC08095}"
EndProject
Project("{9A19103F-16F7-4668-BE54-9A1E7A4F7556}") = "SerializationTest", "SerializationTest\SerializationTest.csproj", "{C736A15A-48B0-4B87-A1D9-2882BE68D417}"
EndProject
Project("{9A19103F-16F7-4668-BE54-9A1E7A4F7556}") = "Ex18", "Ex18\Ex18.csproj", "{B723790E-BFDC-4CEB-B420-73ECB1207472}"
EndProject
Project("{9A19103F-16F7-4668-BE54-9A1E7A4F7556}") = "PatternBuilder", "PatternBuilder\PatternBuilder.csproj", "{25B89394-01F1-467E-A957-FBB5960857EF}"
EndProject
Project("{FAE04EC0-301F-11D3-BF4B-00C04F79EFBC}") = "PlaguinApi", "PlaguinApi\PlaguinApi.csproj", "{DF8B47A5-AC2D-4C7F-81F6-5CDC1E45FA1D}"
EndProject
Project("{FAE04EC0-301F-11D3-BF4B-00C04F79EFBC}") = "Ex11", "Ex11\Ex11.csproj", "{378D9324-24D1-47BC-8C42-C5A8C7F6FCC8}"
EndProject
Project("{FAE04EC0-301F-11D3-BF4B-00C04F79EFBC}") = "Reflection", "Reflection\Reflection.csproj", "{520727C3-C83F-4B9C-86DF-E2C90953D4CA}"
EndProject
Project("{FAE04EC0-301F-11D3-BF4B-00C04F79EFBC}") = "Validation", "Validation\Validation.csproj", "{C1341140-53F7-4B7E-8D9B-C638F102F3BB}"
EndProject
Global
	GlobalSection(SolutionConfigurationPlatforms) = preSolution
		Debug|Any CPU = Debug|Any CPU
		Release|Any CPU = Release|Any CPU
	EndGlobalSection
	GlobalSection(ProjectConfigurationPlatforms) = postSolution
		{4C213BCE-FC75-418E-8D3C-7F09D6AC252B}.Debug|Any CPU.ActiveCfg = Debug|Any CPU
		{4C213BCE-FC75-418E-8D3C-7F09D6AC252B}.Debug|Any CPU.Build.0 = Debug|Any CPU
		{4C213BCE-FC75-418E-8D3C-7F09D6AC252B}.Release|Any CPU.ActiveCfg = Release|Any CPU
		{4C213BCE-FC75-418E-8D3C-7F09D6AC252B}.Release|Any CPU.Build.0 = Release|Any CPU
		{F03C44A4-1F6C-41C0-BDFE-21805728CB16}.Debug|Any CPU.ActiveCfg = Debug|Any CPU
		{F03C44A4-1F6C-41C0-BDFE-21805728CB16}.Debug|Any CPU.Build.0 = Debug|Any CPU
		{F03C44A4-1F6C-41C0-BDFE-21805728CB16}.Release|Any CPU.ActiveCfg = Release|Any CPU
		{F03C44A4-1F6C-41C0-BDFE-21805728CB16}.Release|Any CPU.Build.0 = Release|Any CPU
		{236ED5FC-6632-43FF-8529-DFE19C630DC8}.Debug|Any CPU.ActiveCfg = Debug|Any CPU
		{236ED5FC-6632-43FF-8529-DFE19C630DC8}.Debug|Any CPU.Build.0 = Debug|Any CPU
		{236ED5FC-6632-43FF-8529-DFE19C630DC8}.Release|Any CPU.ActiveCfg = Release|Any CPU
		{236ED5FC-6632-43FF-8529-DFE19C630DC8}.Release|Any CPU.Build.0 = Release|Any CPU
		{C29BE425-8B34-4770-94E0-B0C6475F7685}.Debug|Any CPU.ActiveCfg = Debug|Any CPU
		{C29BE425-8B34-4770-94E0-B0C6475F7685}.Debug|Any CPU.Build.0 = Debug|Any CPU
		{C29BE425-8B34-4770-94E0-B0C6475F7685}.Release|Any CPU.ActiveCfg = Release|Any CPU
		{C29BE425-8B34-4770-94E0-B0C6475F7685}.Release|Any CPU.Build.0 = Release|Any CPU
		{744C5096-02EA-4FE2-A158-AADAA3930321}.Debug|Any CPU.ActiveCfg = Debug|Any CPU
		{744C5096-02EA-4FE2-A158-AADAA3930321}.Debug|Any CPU.Build.0 = Debug|Any CPU
		{744C5096-02EA-4FE2-A158-AADAA3930321}.Release|Any CPU.ActiveCfg = Release|Any CPU
		{744C5096-02EA-4FE2-A158-AADAA3930321}.Release|Any CPU.Build.0 = Release|Any CPU
		{FF85A362-2A9B-4EB8-BF14-50DE7F085036}.Debug|Any CPU.ActiveCfg = Debug|Any CPU
		{FF85A362-2A9B-4EB8-BF14-50DE7F085036}.Debug|Any CPU.Build.0 = Debug|Any CPU
		{FF85A362-2A9B-4EB8-BF14-50DE7F085036}.Release|Any CPU.ActiveCfg = Release|Any CPU
		{FF85A362-2A9B-4EB8-BF14-50DE7F085036}.Release|Any CPU.Build.0 = Release|Any CPU
		{A7747CC7-428E-47FE-8FC7-9DCD0D00C7C4}.Debug|Any CPU.ActiveCfg = Debug|Any CPU
		{A7747CC7-428E-47FE-8FC7-9DCD0D00C7C4}.Debug|Any CPU.Build.0 = Debug|Any CPU
		{A7747CC7-428E-47FE-8FC7-9DCD0D00C7C4}.Release|Any CPU.ActiveCfg = Release|Any CPU
		{A7747CC7-428E-47FE-8FC7-9DCD0D00C7C4}.Release|Any CPU.Build.0 = Release|Any CPU
		{13600988-043E-47D3-B1BE-B7BA0B97261E}.Debug|Any CPU.ActiveCfg = Debug|Any CPU
		{13600988-043E-47D3-B1BE-B7BA0B97261E}.Debug|Any CPU.Build.0 = Debug|Any CPU
		{13600988-043E-47D3-B1BE-B7BA0B97261E}.Release|Any CPU.ActiveCfg = Release|Any CPU
		{13600988-043E-47D3-B1BE-B7BA0B97261E}.Release|Any CPU.Build.0 = Release|Any CPU
		{80449FBF-4930-40D1-B0CC-F9AF7CF235FD}.Debug|Any CPU.ActiveCfg = Debug|Any CPU
		{80449FBF-4930-40D1-B0CC-F9AF7CF235FD}.Debug|Any CPU.Build.0 = Debug|Any CPU
		{80449FBF-4930-40D1-B0CC-F9AF7CF235FD}.Release|Any CPU.ActiveCfg = Release|Any CPU
		{80449FBF-4930-40D1-B0CC-F9AF7CF235FD}.Release|Any CPU.Build.0 = Release|Any CPU
		{E30D45D5-ABA9-436B-8576-AC6960C94FD9}.Debug|Any CPU.ActiveCfg = Debug|Any CPU
		{E30D45D5-ABA9-436B-8576-AC6960C94FD9}.Debug|Any CPU.Build.0 = Debug|Any CPU
		{E30D45D5-ABA9-436B-8576-AC6960C94FD9}.Release|Any CPU.ActiveCfg = Release|Any CPU
		{E30D45D5-ABA9-436B-8576-AC6960C94FD9}.Release|Any CPU.Build.0 = Release|Any CPU
		{F2A14236-E6CF-4A30-BEA7-4497A3BA1D03}.Debug|Any CPU.ActiveCfg = Debug|Any CPU
		{F2A14236-E6CF-4A30-BEA7-4497A3BA1D03}.Debug|Any CPU.Build.0 = Debug|Any CPU
		{F2A14236-E6CF-4A30-BEA7-4497A3BA1D03}.Release|Any CPU.ActiveCfg = Release|Any CPU
		{F2A14236-E6CF-4A30-BEA7-4497A3BA1D03}.Release|Any CPU.Build.0 = Release|Any CPU
		{2AC3138D-DE32-430C-BDD2-A471E0C1E4F7}.Debug|Any CPU.ActiveCfg = Debug|Any CPU
		{2AC3138D-DE32-430C-BDD2-A471E0C1E4F7}.Debug|Any CPU.Build.0 = Debug|Any CPU
		{2AC3138D-DE32-430C-BDD2-A471E0C1E4F7}.Release|Any CPU.ActiveCfg = Release|Any CPU
		{2AC3138D-DE32-430C-BDD2-A471E0C1E4F7}.Release|Any CPU.Build.0 = Release|Any CPU
		{84BEBBA1-DF06-47DD-B76D-CCAA014C7F7D}.Debug|Any CPU.ActiveCfg = Debug|Any CPU
		{84BEBBA1-DF06-47DD-B76D-CCAA014C7F7D}.Debug|Any CPU.Build.0 = Debug|Any CPU
		{84BEBBA1-DF06-47DD-B76D-CCAA014C7F7D}.Release|Any CPU.ActiveCfg = Release|Any CPU
		{84BEBBA1-DF06-47DD-B76D-CCAA014C7F7D}.Release|Any CPU.Build.0 = Release|Any CPU
		{5A3045B3-7856-4A20-8FC7-2E6848A2DCD9}.Debug|Any CPU.ActiveCfg = Debug|Any CPU
		{5A3045B3-7856-4A20-8FC7-2E6848A2DCD9}.Debug|Any CPU.Build.0 = Debug|Any CPU
		{5A3045B3-7856-4A20-8FC7-2E6848A2DCD9}.Release|Any CPU.ActiveCfg = Release|Any CPU
		{5A3045B3-7856-4A20-8FC7-2E6848A2DCD9}.Release|Any CPU.Build.0 = Release|Any CPU
		{0BC98441-C038-4730-85CC-A3DC31744C80}.Debug|Any CPU.ActiveCfg = Debug|Any CPU
		{0BC98441-C038-4730-85CC-A3DC31744C80}.Debug|Any CPU.Build.0 = Debug|Any CPU
		{0BC98441-C038-4730-85CC-A3DC31744C80}.Release|Any CPU.ActiveCfg = Release|Any CPU
		{0BC98441-C038-4730-85CC-A3DC31744C80}.Release|Any CPU.Build.0 = Release|Any CPU
		{0C7BAF02-4567-4216-AF3B-F6FBFA979ED1}.Debug|Any CPU.ActiveCfg = Debug|Any CPU
		{0C7BAF02-4567-4216-AF3B-F6FBFA979ED1}.Debug|Any CPU.Build.0 = Debug|Any CPU
		{0C7BAF02-4567-4216-AF3B-F6FBFA979ED1}.Release|Any CPU.ActiveCfg = Release|Any CPU
		{0C7BAF02-4567-4216-AF3B-F6FBFA979ED1}.Release|Any CPU.Build.0 = Release|Any CPU
		{A28944B4-C159-4FEC-B254-635CAEC08095}.Debug|Any CPU.ActiveCfg = Debug|Any CPU
		{A28944B4-C159-4FEC-B254-635CAEC08095}.Debug|Any CPU.Build.0 = Debug|Any CPU
		{A28944B4-C159-4FEC-B254-635CAEC08095}.Release|Any CPU.ActiveCfg = Release|Any CPU
		{A28944B4-C159-4FEC-B254-635CAEC08095}.Release|Any CPU.Build.0 = Release|Any CPU
		{C736A15A-48B0-4B87-A1D9-2882BE68D417}.Debug|Any CPU.ActiveCfg = Debug|Any CPU
		{C736A15A-48B0-4B87-A1D9-2882BE68D417}.Debug|Any CPU.Build.0 = Debug|Any CPU
		{C736A15A-48B0-4B87-A1D9-2882BE68D417}.Release|Any CPU.ActiveCfg = Release|Any CPU
		{C736A15A-48B0-4B87-A1D9-2882BE68D417}.Release|Any CPU.Build.0 = Release|Any CPU
		{B723790E-BFDC-4CEB-B420-73ECB1207472}.Debug|Any CPU.ActiveCfg = Debug|Any CPU
		{B723790E-BFDC-4CEB-B420-73ECB1207472}.Debug|Any CPU.Build.0 = Debug|Any CPU
		{B723790E-BFDC-4CEB-B420-73ECB1207472}.Release|Any CPU.ActiveCfg = Release|Any CPU
		{B723790E-BFDC-4CEB-B420-73ECB1207472}.Release|Any CPU.Build.0 = Release|Any CPU
		{25B89394-01F1-467E-A957-FBB5960857EF}.Debug|Any CPU.ActiveCfg = Debug|Any CPU
		{25B89394-01F1-467E-A957-FBB5960857EF}.Debug|Any CPU.Build.0 = Debug|Any CPU
		{25B89394-01F1-467E-A957-FBB5960857EF}.Release|Any CPU.ActiveCfg = Release|Any CPU
		{25B89394-01F1-467E-A957-FBB5960857EF}.Release|Any CPU.Build.0 = Release|Any CPU
		{DF8B47A5-AC2D-4C7F-81F6-5CDC1E45FA1D}.Debug|Any CPU.ActiveCfg = Debug|Any CPU
		{DF8B47A5-AC2D-4C7F-81F6-5CDC1E45FA1D}.Debug|Any CPU.Build.0 = Debug|Any CPU
		{DF8B47A5-AC2D-4C7F-81F6-5CDC1E45FA1D}.Release|Any CPU.ActiveCfg = Release|Any CPU
		{DF8B47A5-AC2D-4C7F-81F6-5CDC1E45FA1D}.Release|Any CPU.Build.0 = Release|Any CPU
		{378D9324-24D1-47BC-8C42-C5A8C7F6FCC8}.Debug|Any CPU.ActiveCfg = Debug|Any CPU
		{378D9324-24D1-47BC-8C42-C5A8C7F6FCC8}.Debug|Any CPU.Build.0 = Debug|Any CPU
		{378D9324-24D1-47BC-8C42-C5A8C7F6FCC8}.Release|Any CPU.ActiveCfg = Release|Any CPU
		{378D9324-24D1-47BC-8C42-C5A8C7F6FCC8}.Release|Any CPU.Build.0 = Release|Any CPU
		{520727C3-C83F-4B9C-86DF-E2C90953D4CA}.Debug|Any CPU.ActiveCfg = Debug|Any CPU
		{520727C3-C83F-4B9C-86DF-E2C90953D4CA}.Debug|Any CPU.Build.0 = Debug|Any CPU
		{520727C3-C83F-4B9C-86DF-E2C90953D4CA}.Release|Any CPU.ActiveCfg = Release|Any CPU
		{520727C3-C83F-4B9C-86DF-E2C90953D4CA}.Release|Any CPU.Build.0 = Release|Any CPU
		{C1341140-53F7-4B7E-8D9B-C638F102F3BB}.Debug|Any CPU.ActiveCfg = Debug|Any CPU
		{C1341140-53F7-4B7E-8D9B-C638F102F3BB}.Debug|Any CPU.Build.0 = Debug|Any CPU
		{C1341140-53F7-4B7E-8D9B-C638F102F3BB}.Release|Any CPU.ActiveCfg = Release|Any CPU
		{C1341140-53F7-4B7E-8D9B-C638F102F3BB}.Release|Any CPU.Build.0 = Release|Any CPU
	EndGlobalSection
	GlobalSection(SolutionProperties) = preSolution
		HideSolutionNode = FALSE
	EndGlobalSection
	GlobalSection(ExtensibilityGlobals) = postSolution
		SolutionGuid = {15C55DF9-185E-41B2-8EC6-5C826C6A0E71}
	EndGlobalSection
EndGlobal
